{
  "requires": true,
  "lockfileVersion": 1,
  "dependencies": {
    "expo-linear-gradient": {
      "version": "7.0.1",
      "resolved": "https://registry.npmjs.org/expo-linear-gradient/-/expo-linear-gradient-7.0.1.tgz",
      "integrity": "sha512-YJsvA7nx8sMcV1+XhIsqT5+tyHhJi87AxgFW4fBlvUr9gAXhPMvUwkNMPPIkyOpKiEMPuQ7yWS29qwZdOHBGFQ=="
    }
  }
}
